
Microsoft Visual Studio Solution File, Format Version 11.00
# Visual Studio 2010
Project("{FAE04EC0-301F-11D3-BF4B-00C04F79EFBC}") = "Assembly-CSharp", "Assembly-CSharp.csproj", "{079BACE2-F556-8282-357E-F5E787D7E3C4}"
EndProject
Project("{FAE04EC0-301F-11D3-BF4B-00C04F79EFBC}") = "UniRx", "UniRx.csproj", "{30BF6B6C-480C-626E-2A6C-AC8845443E75}"
EndProject
Project("{FAE04EC0-301F-11D3-BF4B-00C04F79EFBC}") = "UniRx.Async", "UniRx.Async.csproj", "{7F968D8A-6E4C-A84E-34D6-194E48CBF78D}"
EndProject
Project("{FAE04EC0-301F-11D3-BF4B-00C04F79EFBC}") = "UniRx.Examples", "UniRx.Examples.csproj", "{D83358C3-001F-7D03-B81A-03BB6435BDFE}"
EndProject
Project("{FAE04EC0-301F-11D3-BF4B-00C04F79EFBC}") = "UniRx.Async.Editor", "UniRx.Async.Editor.csproj", "{82067642-D39E-F940-844C-157C7E5A3AA1}"
EndProject
Global
	GlobalSection(SolutionConfigurationPlatforms) = preSolution
		Debug|Any CPU = Debug|Any CPU
		Release|Any CPU = Release|Any CPU
	EndGlobalSection
	GlobalSection(ProjectConfigurationPlatforms) = postSolution
		{079BACE2-F556-8282-357E-F5E787D7E3C4}.Debug|Any CPU.ActiveCfg = Debug|Any CPU
		{079BACE2-F556-8282-357E-F5E787D7E3C4}.Debug|Any CPU.Build.0 = Debug|Any CPU
		{079BACE2-F556-8282-357E-F5E787D7E3C4}.Release|Any CPU.ActiveCfg = Release|Any CPU
		{079BACE2-F556-8282-357E-F5E787D7E3C4}.Release|Any CPU.Build.0 = Release|Any CPU
		{30BF6B6C-480C-626E-2A6C-AC8845443E75}.Debug|Any CPU.ActiveCfg = Debug|Any CPU
		{30BF6B6C-480C-626E-2A6C-AC8845443E75}.Debug|Any CPU.Build.0 = Debug|Any CPU
		{30BF6B6C-480C-626E-2A6C-AC8845443E75}.Release|Any CPU.ActiveCfg = Release|Any CPU
		{30BF6B6C-480C-626E-2A6C-AC8845443E75}.Release|Any CPU.Build.0 = Release|Any CPU
		{7F968D8A-6E4C-A84E-34D6-194E48CBF78D}.Debug|Any CPU.ActiveCfg = Debug|Any CPU
		{7F968D8A-6E4C-A84E-34D6-194E48CBF78D}.Debug|Any CPU.Build.0 = Debug|Any CPU
		{7F968D8A-6E4C-A84E-34D6-194E48CBF78D}.Release|Any CPU.ActiveCfg = Release|Any CPU
		{7F968D8A-6E4C-A84E-34D6-194E48CBF78D}.Release|Any CPU.Build.0 = Release|Any CPU
		{D83358C3-001F-7D03-B81A-03BB6435BDFE}.Debug|Any CPU.ActiveCfg = Debug|Any CPU
		{D83358C3-001F-7D03-B81A-03BB6435BDFE}.Debug|Any CPU.Build.0 = Debug|Any CPU
		{D83358C3-001F-7D03-B81A-03BB6435BDFE}.Release|Any CPU.ActiveCfg = Release|Any CPU
		{D83358C3-001F-7D03-B81A-03BB6435BDFE}.Release|Any CPU.Build.0 = Release|Any CPU
		{82067642-D39E-F940-844C-157C7E5A3AA1}.Debug|Any CPU.ActiveCfg = Debug|Any CPU
		{82067642-D39E-F940-844C-157C7E5A3AA1}.Debug|Any CPU.Build.0 = Debug|Any CPU
		{82067642-D39E-F940-844C-157C7E5A3AA1}.Release|Any CPU.ActiveCfg = Release|Any CPU
		{82067642-D39E-F940-844C-157C7E5A3AA1}.Release|Any CPU.Build.0 = Release|Any CPU
	EndGlobalSection
	GlobalSection(SolutionProperties) = preSolution
		HideSolutionNode = FALSE
	EndGlobalSection
	GlobalSection(MonoDevelopProperties) = preSolution
		StartupItem = Assembly-CSharp.csproj
	EndGlobalSection
EndGlobal
